// !$*UTF8*$!
{
	archiveVersion = 1;
	classes = {
	};
	objectVersion = 56;
	objects = {

/* Begin PBXBuildFile section */
		60426C1529C0878B0026EC1E /* ServiceList.swift in Sources */ = {isa = PBXBuildFile; fileRef = 60426C1429C0878B0026EC1E /* ServiceList.swift */; };
		60426C1929C0C7FD0026EC1E /* TrendingController.swift in Sources */ = {isa = PBXBuildFile; fileRef = 60426C1829C0C7FD0026EC1E /* TrendingController.swift */; };
		60426C1B29C0C80A0026EC1E /* AccountController.swift in Sources */ = {isa = PBXBuildFile; fileRef = 60426C1A29C0C80A0026EC1E /* AccountController.swift */; };
		6075ADF629CBB2B00073D981 /* TableButton.swift in Sources */ = {isa = PBXBuildFile; fileRef = 6075ADF529CBB2B00073D981 /* TableButton.swift */; };
		6075ADF829CBB9410073D981 /* serviceHeaderView.swift in Sources */ = {isa = PBXBuildFile; fileRef = 6075ADF729CBB9410073D981 /* serviceHeaderView.swift */; };
		6075ADFA29CBBC520073D981 /* ServiceButton.swift in Sources */ = {isa = PBXBuildFile; fileRef = 6075ADF929CBBC520073D981 /* ServiceButton.swift */; };
		6075ADFC29CBBDCC0073D981 /* SearchController.swift in Sources */ = {isa = PBXBuildFile; fileRef = 6075ADFB29CBBDCC0073D981 /* SearchController.swift */; };
		609705FA29C747C100E2A5FD /* DataCell.xib in Resources */ = {isa = PBXBuildFile; fileRef = 609705F929C747C100E2A5FD /* DataCell.xib */; };
		609A642929BA641500438F35 /* WebViewerController.swift in Sources */ = {isa = PBXBuildFile; fileRef = 609A642829BA641500438F35 /* WebViewerController.swift */; };
		609E9D1329B7B034001D3812 /* ForgotPasswordController.swift in Sources */ = {isa = PBXBuildFile; fileRef = 609E9D1229B7B034001D3812 /* ForgotPasswordController.swift */; };
		609E9D1529B7B047001D3812 /* LoginController.swift in Sources */ = {isa = PBXBuildFile; fileRef = 609E9D1429B7B047001D3812 /* LoginController.swift */; };
		609E9D1829B7B06D001D3812 /* RegisterController.swift in Sources */ = {isa = PBXBuildFile; fileRef = 609E9D1729B7B06D001D3812 /* RegisterController.swift */; };
		609E9D1A29B7B07F001D3812 /* HomeController.swift in Sources */ = {isa = PBXBuildFile; fileRef = 609E9D1929B7B07F001D3812 /* HomeController.swift */; };
		609E9D1D29B7B236001D3812 /* AuthHeaderView.swift in Sources */ = {isa = PBXBuildFile; fileRef = 609E9D1C29B7B236001D3812 /* AuthHeaderView.swift */; };
		609E9D1F29B7DF7C001D3812 /* CustomTextField.swift in Sources */ = {isa = PBXBuildFile; fileRef = 609E9D1E29B7DF7C001D3812 /* CustomTextField.swift */; };
		60A174F029CB96B700D7E519 /* serviceLogIn.swift in Sources */ = {isa = PBXBuildFile; fileRef = 60A174EF29CB96B700D7E519 /* serviceLogIn.swift */; };
		60A23AE629C3C00F004BDD20 /* Service.swift in Sources */ = {isa = PBXBuildFile; fileRef = 60A23AE529C3C00F004BDD20 /* Service.swift */; };
		60A5435829BE6E4A00B5A9CC /* AlertManager.swift in Sources */ = {isa = PBXBuildFile; fileRef = 60A5435729BE6E4A00B5A9CC /* AlertManager.swift */; };
		60A5435A29BE7D5C00B5A9CC /* AuthService.swift in Sources */ = {isa = PBXBuildFile; fileRef = 60A5435929BE7D5C00B5A9CC /* AuthService.swift */; };
		60A5435D29BE7F8D00B5A9CC /* RegisterUserRequest.swift in Sources */ = {isa = PBXBuildFile; fileRef = 60A5435C29BE7F8D00B5A9CC /* RegisterUserRequest.swift */; };
		60A6499229C64C3D0021836E /* DataCell.swift in Sources */ = {isa = PBXBuildFile; fileRef = 60A6499129C64C3D0021836E /* DataCell.swift */; };
		60AA3CCA29B5F7DC008F05DE /* AppDelegate.swift in Sources */ = {isa = PBXBuildFile; fileRef = 60AA3CC929B5F7DC008F05DE /* AppDelegate.swift */; };
		60AA3CCC29B5F7DC008F05DE /* SceneDelegate.swift in Sources */ = {isa = PBXBuildFile; fileRef = 60AA3CCB29B5F7DC008F05DE /* SceneDelegate.swift */; };
		60AA3CD329B5F7DD008F05DE /* Assets.xcassets in Resources */ = {isa = PBXBuildFile; fileRef = 60AA3CD229B5F7DD008F05DE /* Assets.xcassets */; };
		60AA3CD629B5F7DD008F05DE /* LaunchScreen.storyboard in Resources */ = {isa = PBXBuildFile; fileRef = 60AA3CD429B5F7DD008F05DE /* LaunchScreen.storyboard */; };
		60BDCDB229BF2BD2004AFB34 /* LoginUserRequest.swift in Sources */ = {isa = PBXBuildFile; fileRef = 60BDCDB129BF2BD2004AFB34 /* LoginUserRequest.swift */; };
		60BDCDB429BF3983004AFB34 /* Validator.swift in Sources */ = {isa = PBXBuildFile; fileRef = 60BDCDB329BF3983004AFB34 /* Validator.swift */; };
		60BDCDB629BF70E2004AFB34 /* User.swift in Sources */ = {isa = PBXBuildFile; fileRef = 60BDCDB529BF70E2004AFB34 /* User.swift */; };
		60ECD8F129C76F7E0028B8AB /* GoogleService-Info.plist in Resources */ = {isa = PBXBuildFile; fileRef = 60ECD8F029C76F7E0028B8AB /* GoogleService-Info.plist */; };
		942055F0DAEFB8C77C54DEE3 /* Pods_MyPick.framework in Frameworks */ = {isa = PBXBuildFile; fileRef = 69C585ADED4374E65E5177B4 /* Pods_MyPick.framework */; };
/* End PBXBuildFile section */

/* Begin PBXFileReference section */
		60426C1429C0878B0026EC1E /* ServiceList.swift */ = {isa = PBXFileReference; lastKnownFileType = sourcecode.swift; path = ServiceList.swift; sourceTree = "<group>"; };
		60426C1829C0C7FD0026EC1E /* TrendingController.swift */ = {isa = PBXFileReference; lastKnownFileType = sourcecode.swift; path = TrendingController.swift; sourceTree = "<group>"; };
		60426C1A29C0C80A0026EC1E /* AccountController.swift */ = {isa = PBXFileReference; lastKnownFileType = sourcecode.swift; path = AccountController.swift; sourceTree = "<group>"; };
		6075ADF529CBB2B00073D981 /* TableButton.swift */ = {isa = PBXFileReference; lastKnownFileType = sourcecode.swift; path = TableButton.swift; sourceTree = "<group>"; };
		6075ADF729CBB9410073D981 /* serviceHeaderView.swift */ = {isa = PBXFileReference; lastKnownFileType = sourcecode.swift; path = serviceHeaderView.swift; sourceTree = "<group>"; };
		6075ADF929CBBC520073D981 /* ServiceButton.swift */ = {isa = PBXFileReference; lastKnownFileType = sourcecode.swift; path = ServiceButton.swift; sourceTree = "<group>"; };
		6075ADFB29CBBDCC0073D981 /* SearchController.swift */ = {isa = PBXFileReference; lastKnownFileType = sourcecode.swift; path = SearchController.swift; sourceTree = "<group>"; };
		609705F929C747C100E2A5FD /* DataCell.xib */ = {isa = PBXFileReference; lastKnownFileType = file.xib; path = DataCell.xib; sourceTree = "<group>"; };
		609A642829BA641500438F35 /* WebViewerController.swift */ = {isa = PBXFileReference; lastKnownFileType = sourcecode.swift; path = WebViewerController.swift; sourceTree = "<group>"; };
		609E9D1229B7B034001D3812 /* ForgotPasswordController.swift */ = {isa = PBXFileReference; lastKnownFileType = sourcecode.swift; path = ForgotPasswordController.swift; sourceTree = "<group>"; };
		609E9D1429B7B047001D3812 /* LoginController.swift */ = {isa = PBXFileReference; lastKnownFileType = sourcecode.swift; path = LoginController.swift; sourceTree = "<group>"; };
		609E9D1729B7B06D001D3812 /* RegisterController.swift */ = {isa = PBXFileReference; lastKnownFileType = sourcecode.swift; path = RegisterController.swift; sourceTree = "<group>"; };
		609E9D1929B7B07F001D3812 /* HomeController.swift */ = {isa = PBXFileReference; lastKnownFileType = sourcecode.swift; path = HomeController.swift; sourceTree = "<group>"; };
		609E9D1C29B7B236001D3812 /* AuthHeaderView.swift */ = {isa = PBXFileReference; lastKnownFileType = sourcecode.swift; path = AuthHeaderView.swift; sourceTree = "<group>"; };
		609E9D1E29B7DF7C001D3812 /* CustomTextField.swift */ = {isa = PBXFileReference; lastKnownFileType = sourcecode.swift; path = CustomTextField.swift; sourceTree = "<group>"; };
		60A174EF29CB96B700D7E519 /* serviceLogIn.swift */ = {isa = PBXFileReference; lastKnownFileType = sourcecode.swift; path = serviceLogIn.swift; sourceTree = "<group>"; };
		60A23AE529C3C00F004BDD20 /* Service.swift */ = {isa = PBXFileReference; lastKnownFileType = sourcecode.swift; path = Service.swift; sourceTree = "<group>"; };
		60A5435729BE6E4A00B5A9CC /* AlertManager.swift */ = {isa = PBXFileReference; lastKnownFileType = sourcecode.swift; path = AlertManager.swift; sourceTree = "<group>"; };
		60A5435929BE7D5C00B5A9CC /* AuthService.swift */ = {isa = PBXFileReference; lastKnownFileType = sourcecode.swift; path = AuthService.swift; sourceTree = "<group>"; };
		60A5435C29BE7F8D00B5A9CC /* RegisterUserRequest.swift */ = {isa = PBXFileReference; lastKnownFileType = sourcecode.swift; path = RegisterUserRequest.swift; sourceTree = "<group>"; };
		60A6499129C64C3D0021836E /* DataCell.swift */ = {isa = PBXFileReference; lastKnownFileType = sourcecode.swift; path = DataCell.swift; sourceTree = "<group>"; };
		60AA3CC629B5F7DC008F05DE /* MyPick.app */ = {isa = PBXFileReference; explicitFileType = wrapper.application; includeInIndex = 0; path = MyPick.app; sourceTree = BUILT_PRODUCTS_DIR; };
		60AA3CC929B5F7DC008F05DE /* AppDelegate.swift */ = {isa = PBXFileReference; lastKnownFileType = sourcecode.swift; path = AppDelegate.swift; sourceTree = "<group>"; };
		60AA3CCB29B5F7DC008F05DE /* SceneDelegate.swift */ = {isa = PBXFileReference; lastKnownFileType = sourcecode.swift; path = SceneDelegate.swift; sourceTree = "<group>"; };
		60AA3CD229B5F7DD008F05DE /* Assets.xcassets */ = {isa = PBXFileReference; lastKnownFileType = folder.assetcatalog; path = Assets.xcassets; sourceTree = "<group>"; };
		60AA3CD529B5F7DD008F05DE /* Base */ = {isa = PBXFileReference; lastKnownFileType = file.storyboard; name = Base; path = Base.lproj/LaunchScreen.storyboard; sourceTree = "<group>"; };
		60AA3CD729B5F7DD008F05DE /* Info.plist */ = {isa = PBXFileReference; lastKnownFileType = text.plist.xml; path = Info.plist; sourceTree = "<group>"; };
		60BDCDB129BF2BD2004AFB34 /* LoginUserRequest.swift */ = {isa = PBXFileReference; lastKnownFileType = sourcecode.swift; path = LoginUserRequest.swift; sourceTree = "<group>"; };
		60BDCDB329BF3983004AFB34 /* Validator.swift */ = {isa = PBXFileReference; lastKnownFileType = sourcecode.swift; path = Validator.swift; sourceTree = "<group>"; };
		60BDCDB529BF70E2004AFB34 /* User.swift */ = {isa = PBXFileReference; lastKnownFileType = sourcecode.swift; path = User.swift; sourceTree = "<group>"; };
		60ECD8F029C76F7E0028B8AB /* GoogleService-Info.plist */ = {isa = PBXFileReference; fileEncoding = 4; lastKnownFileType = text.plist.xml; name = "GoogleService-Info.plist"; path = "../../../../Downloads/GoogleService-Info.plist"; sourceTree = "<group>"; };
		69C585ADED4374E65E5177B4 /* Pods_MyPick.framework */ = {isa = PBXFileReference; explicitFileType = wrapper.framework; includeInIndex = 0; path = Pods_MyPick.framework; sourceTree = BUILT_PRODUCTS_DIR; };
		84BF7491DC803C71112EF580 /* Pods-MyPick.debug.xcconfig */ = {isa = PBXFileReference; includeInIndex = 1; lastKnownFileType = text.xcconfig; name = "Pods-MyPick.debug.xcconfig"; path = "Target Support Files/Pods-MyPick/Pods-MyPick.debug.xcconfig"; sourceTree = "<group>"; };
		AB6EEC125D3A05A8F0A7D3DC /* Pods-MyPick.release.xcconfig */ = {isa = PBXFileReference; includeInIndex = 1; lastKnownFileType = text.xcconfig; name = "Pods-MyPick.release.xcconfig"; path = "Target Support Files/Pods-MyPick/Pods-MyPick.release.xcconfig"; sourceTree = "<group>"; };
/* End PBXFileReference section */

/* Begin PBXFrameworksBuildPhase section */
		60AA3CC329B5F7DC008F05DE /* Frameworks */ = {
			isa = PBXFrameworksBuildPhase;
			buildActionMask = 2147483647;
			files = (
				942055F0DAEFB8C77C54DEE3 /* Pods_MyPick.framework in Frameworks */,
			);
			runOnlyForDeploymentPostprocessing = 0;
		};
/* End PBXFrameworksBuildPhase section */

/* Begin PBXGroup section */
		0F9D729BD6834723F5276D5D /* Frameworks */ = {
			isa = PBXGroup;
			children = (
				69C585ADED4374E65E5177B4 /* Pods_MyPick.framework */,
			);
			name = Frameworks;
			sourceTree = "<group>";
		};
		609E9D1B29B7B0AB001D3812 /* Views */ = {
			isa = PBXGroup;
			children = (
				609E9D1C29B7B236001D3812 /* AuthHeaderView.swift */,
				609E9D1E29B7DF7C001D3812 /* CustomTextField.swift */,
				6075ADF729CBB9410073D981 /* serviceHeaderView.swift */,
				6075ADF929CBBC520073D981 /* ServiceButton.swift */,
			);
			path = Views;
			sourceTree = "<group>";
		};
		60A5435629BE6E1C00B5A9CC /* Controllers */ = {
			isa = PBXGroup;
			children = (
				609E9D1229B7B034001D3812 /* ForgotPasswordController.swift */,
				609E9D1929B7B07F001D3812 /* HomeController.swift */,
				609E9D1729B7B06D001D3812 /* RegisterController.swift */,
				609E9D1429B7B047001D3812 /* LoginController.swift */,
				60426C1429C0878B0026EC1E /* ServiceList.swift */,
				609705F929C747C100E2A5FD /* DataCell.xib */,
				60426C1829C0C7FD0026EC1E /* TrendingController.swift */,
				60426C1A29C0C80A0026EC1E /* AccountController.swift */,
				60A174EF29CB96B700D7E519 /* serviceLogIn.swift */,
				6075ADFB29CBBDCC0073D981 /* SearchController.swift */,
			);
			path = Controllers;
			sourceTree = "<group>";
		};
		60A5435B29BE7E7900B5A9CC /* Models */ = {
			isa = PBXGroup;
			children = (
				60A5435C29BE7F8D00B5A9CC /* RegisterUserRequest.swift */,
				60BDCDB129BF2BD2004AFB34 /* LoginUserRequest.swift */,
				60BDCDB529BF70E2004AFB34 /* User.swift */,
				60A23AE529C3C00F004BDD20 /* Service.swift */,
				60A6499129C64C3D0021836E /* DataCell.swift */,
				6075ADF529CBB2B00073D981 /* TableButton.swift */,
			);
			path = Models;
			sourceTree = "<group>";
		};
		60A5E74029B740210022434E /* Supporting */ = {
			isa = PBXGroup;
			children = (
				60AA3CC929B5F7DC008F05DE /* AppDelegate.swift */,
				60AA3CCB29B5F7DC008F05DE /* SceneDelegate.swift */,
				60AA3CD229B5F7DD008F05DE /* Assets.xcassets */,
				60ECD8F029C76F7E0028B8AB /* GoogleService-Info.plist */,
				60AA3CD429B5F7DD008F05DE /* LaunchScreen.storyboard */,
			);
			path = Supporting;
			sourceTree = "<group>";
		};
		60AA3CBD29B5F7DC008F05DE = {
			isa = PBXGroup;
			children = (
				60AA3CC829B5F7DC008F05DE /* MyPick */,
				60AA3CC729B5F7DC008F05DE /* Products */,
				9EF4EE963E3758992FEF5A8C /* Pods */,
				0F9D729BD6834723F5276D5D /* Frameworks */,
			);
			sourceTree = "<group>";
		};
		60AA3CC729B5F7DC008F05DE /* Products */ = {
			isa = PBXGroup;
			children = (
				60AA3CC629B5F7DC008F05DE /* MyPick.app */,
			);
			name = Products;
			sourceTree = "<group>";
		};
		60AA3CC829B5F7DC008F05DE /* MyPick */ = {
			isa = PBXGroup;
			children = (
				60A5435929BE7D5C00B5A9CC /* AuthService.swift */,
				60A5435729BE6E4A00B5A9CC /* AlertManager.swift */,
				60BDCDB329BF3983004AFB34 /* Validator.swift */,
				60A5435B29BE7E7900B5A9CC /* Models */,
				60A5435629BE6E1C00B5A9CC /* Controllers */,
				609E9D1B29B7B0AB001D3812 /* Views */,
				60AA3CD729B5F7DD008F05DE /* Info.plist */,
				60A5E74029B740210022434E /* Supporting */,
				609A642829BA641500438F35 /* WebViewerController.swift */,
			);
			path = MyPick;
			sourceTree = "<group>";
		};
		9EF4EE963E3758992FEF5A8C /* Pods */ = {
			isa = PBXGroup;
			children = (
				84BF7491DC803C71112EF580 /* Pods-MyPick.debug.xcconfig */,
				AB6EEC125D3A05A8F0A7D3DC /* Pods-MyPick.release.xcconfig */,
			);
			path = Pods;
			sourceTree = "<group>";
		};
/* End PBXGroup section */

/* Begin PBXNativeTarget section */
		60AA3CC529B5F7DC008F05DE /* MyPick */ = {
			isa = PBXNativeTarget;
			buildConfigurationList = 60AA3CDA29B5F7DD008F05DE /* Build configuration list for PBXNativeTarget "MyPick" */;
			buildPhases = (
				F9F0F97D7EBA97F8517F123E /* [CP] Check Pods Manifest.lock */,
				60AA3CC229B5F7DC008F05DE /* Sources */,
				60AA3CC329B5F7DC008F05DE /* Frameworks */,
				60AA3CC429B5F7DC008F05DE /* Resources */,
				F8F9060DBEEC3ACA50EDAD48 /* [CP] Embed Pods Frameworks */,
			);
			buildRules = (
			);
			dependencies = (
			);
			name = MyPick;
			productName = MyPick;
			productReference = 60AA3CC629B5F7DC008F05DE /* MyPick.app */;
			productType = "com.apple.product-type.application";
		};
/* End PBXNativeTarget section */

/* Begin PBXProject section */
		60AA3CBE29B5F7DC008F05DE /* Project object */ = {
			isa = PBXProject;
			attributes = {
				BuildIndependentTargetsInParallel = 1;
				LastSwiftUpdateCheck = 1420;
				LastUpgradeCheck = 1420;
				TargetAttributes = {
					60AA3CC529B5F7DC008F05DE = {
						CreatedOnToolsVersion = 14.2;
					};
				};
			};
			buildConfigurationList = 60AA3CC129B5F7DC008F05DE /* Build configuration list for PBXProject "MyPick" */;
			compatibilityVersion = "Xcode 14.0";
			developmentRegion = en;
			hasScannedForEncodings = 0;
			knownRegions = (
				en,
				Base,
			);
			mainGroup = 60AA3CBD29B5F7DC008F05DE;
			productRefGroup = 60AA3CC729B5F7DC008F05DE /* Products */;
			projectDirPath = "";
			projectRoot = "";
			targets = (
				60AA3CC529B5F7DC008F05DE /* MyPick */,
			);
		};
/* End PBXProject section */

/* Begin PBXResourcesBuildPhase section */
		60AA3CC429B5F7DC008F05DE /* Resources */ = {
			isa = PBXResourcesBuildPhase;
			buildActionMask = 2147483647;
			files = (
				60AA3CD629B5F7DD008F05DE /* LaunchScreen.storyboard in Resources */,
				60ECD8F129C76F7E0028B8AB /* GoogleService-Info.plist in Resources */,
				60AA3CD329B5F7DD008F05DE /* Assets.xcassets in Resources */,
				609705FA29C747C100E2A5FD /* DataCell.xib in Resources */,
			);
			runOnlyForDeploymentPostprocessing = 0;
		};
/* End PBXResourcesBuildPhase section */

/* Begin PBXShellScriptBuildPhase section */
		F8F9060DBEEC3ACA50EDAD48 /* [CP] Embed Pods Frameworks */ = {
			isa = PBXShellScriptBuildPhase;
			buildActionMask = 2147483647;
			files = (
			);
			inputFileListPaths = (
				"${PODS_ROOT}/Target Support Files/Pods-MyPick/Pods-MyPick-frameworks-${CONFIGURATION}-input-files.xcfilelist",
			);
			name = "[CP] Embed Pods Frameworks";
			outputFileListPaths = (
				"${PODS_ROOT}/Target Support Files/Pods-MyPick/Pods-MyPick-frameworks-${CONFIGURATION}-output-files.xcfilelist",
			);
			runOnlyForDeploymentPostprocessing = 0;
			shellPath = /bin/sh;
			shellScript = "\"${PODS_ROOT}/Target Support Files/Pods-MyPick/Pods-MyPick-frameworks.sh\"\n";
			showEnvVarsInLog = 0;
		};
		F9F0F97D7EBA97F8517F123E /* [CP] Check Pods Manifest.lock */ = {
			isa = PBXShellScriptBuildPhase;
			buildActionMask = 2147483647;
			files = (
			);
			inputFileListPaths = (
			);
			inputPaths = (
				"${PODS_PODFILE_DIR_PATH}/Podfile.lock",
				"${PODS_ROOT}/Manifest.lock",
			);
			name = "[CP] Check Pods Manifest.lock";
			outputFileListPaths = (
			);
			outputPaths = (
				"$(DERIVED_FILE_DIR)/Pods-MyPick-checkManifestLockResult.txt",
			);
			runOnlyForDeploymentPostprocessing = 0;
			shellPath = /bin/sh;
			shellScript = "diff \"${PODS_PODFILE_DIR_PATH}/Podfile.lock\" \"${PODS_ROOT}/Manifest.lock\" > /dev/null\nif [ $? != 0 ] ; then\n    # print error to STDERR\n    echo \"error: The sandbox is not in sync with the Podfile.lock. Run 'pod install' or update your CocoaPods installation.\" >&2\n    exit 1\nfi\n# This output is used by Xcode 'outputs' to avoid re-running this script phase.\necho \"SUCCESS\" > \"${SCRIPT_OUTPUT_FILE_0}\"\n";
			showEnvVarsInLog = 0;
		};
/* End PBXShellScriptBuildPhase section */

/* Begin PBXSourcesBuildPhase section */
		60AA3CC229B5F7DC008F05DE /* Sources */ = {
			isa = PBXSourcesBuildPhase;
			buildActionMask = 2147483647;
			files = (
				609E9D1329B7B034001D3812 /* ForgotPasswordController.swift in Sources */,
				6075ADFC29CBBDCC0073D981 /* SearchController.swift in Sources */,
				60A5435829BE6E4A00B5A9CC /* AlertManager.swift in Sources */,
				609E9D1A29B7B07F001D3812 /* HomeController.swift in Sources */,
				6075ADFA29CBBC520073D981 /* ServiceButton.swift in Sources */,
				60A5435A29BE7D5C00B5A9CC /* AuthService.swift in Sources */,
				60BDCDB629BF70E2004AFB34 /* User.swift in Sources */,
				60A174F029CB96B700D7E519 /* serviceLogIn.swift in Sources */,
				60BDCDB229BF2BD2004AFB34 /* LoginUserRequest.swift in Sources */,
				60426C1529C0878B0026EC1E /* ServiceList.swift in Sources */,
				609E9D1829B7B06D001D3812 /* RegisterController.swift in Sources */,
				60426C1929C0C7FD0026EC1E /* TrendingController.swift in Sources */,
				60426C1B29C0C80A0026EC1E /* AccountController.swift in Sources */,
				60BDCDB429BF3983004AFB34 /* Validator.swift in Sources */,
				6075ADF629CBB2B00073D981 /* TableButton.swift in Sources */,
				60AA3CCA29B5F7DC008F05DE /* AppDelegate.swift in Sources */,
				609E9D1F29B7DF7C001D3812 /* CustomTextField.swift in Sources */,
				60A5435D29BE7F8D00B5A9CC /* RegisterUserRequest.swift in Sources */,
				6075ADF829CBB9410073D981 /* serviceHeaderView.swift in Sources */,
				60AA3CCC29B5F7DC008F05DE /* SceneDelegate.swift in Sources */,
				609E9D1529B7B047001D3812 /* LoginController.swift in Sources */,
				60A6499229C64C3D0021836E /* DataCell.swift in Sources */,
				609A642929BA641500438F35 /* WebViewerController.swift in Sources */,
				60A23AE629C3C00F004BDD20 /* Service.swift in Sources */,
				609E9D1D29B7B236001D3812 /* AuthHeaderView.swift in Sources */,
			);
			runOnlyForDeploymentPostprocessing = 0;
		};
/* End PBXSourcesBuildPhase section */

/* Begin PBXVariantGroup section */
		60AA3CD429B5F7DD008F05DE /* LaunchScreen.storyboard */ = {
			isa = PBXVariantGroup;
			children = (
				60AA3CD529B5F7DD008F05DE /* Base */,
			);
			name = LaunchScreen.storyboard;
			sourceTree = "<group>";
		};
/* End PBXVariantGroup section */

/* Begin XCBuildConfiguration section */
		60AA3CD829B5F7DD008F05DE /* Debug */ = {
			isa = XCBuildConfiguration;
			buildSettings = {
				ALWAYS_SEARCH_USER_PATHS = NO;
				CLANG_ANALYZER_NONNULL = YES;
				CLANG_ANALYZER_NUMBER_OBJECT_CONVERSION = YES_AGGRESSIVE;
				CLANG_CXX_LANGUAGE_STANDARD = "gnu++20";
				CLANG_ENABLE_MODULES = YES;
				CLANG_ENABLE_OBJC_ARC = YES;
				CLANG_ENABLE_OBJC_WEAK = YES;
				CLANG_WARN_BLOCK_CAPTURE_AUTORELEASING = YES;
				CLANG_WARN_BOOL_CONVERSION = YES;
				CLANG_WARN_COMMA = YES;
				CLANG_WARN_CONSTANT_CONVERSION = YES;
				CLANG_WARN_DEPRECATED_OBJC_IMPLEMENTATIONS = YES;
				CLANG_WARN_DIRECT_OBJC_ISA_USAGE = YES_ERROR;
				CLANG_WARN_DOCUMENTATION_COMMENTS = YES;
				CLANG_WARN_EMPTY_BODY = YES;
				CLANG_WARN_ENUM_CONVERSION = YES;
				CLANG_WARN_INFINITE_RECURSION = YES;
				CLANG_WARN_INT_CONVERSION = YES;
				CLANG_WARN_NON_LITERAL_NULL_CONVERSION = YES;
				CLANG_WARN_OBJC_IMPLICIT_RETAIN_SELF = YES;
				CLANG_WARN_OBJC_LITERAL_CONVERSION = YES;
				CLANG_WARN_OBJC_ROOT_CLASS = YES_ERROR;
				CLANG_WARN_QUOTED_INCLUDE_IN_FRAMEWORK_HEADER = YES;
				CLANG_WARN_RANGE_LOOP_ANALYSIS = YES;
				CLANG_WARN_STRICT_PROTOTYPES = YES;
				CLANG_WARN_SUSPICIOUS_MOVE = YES;
				CLANG_WARN_UNGUARDED_AVAILABILITY = YES_AGGRESSIVE;
				CLANG_WARN_UNREACHABLE_CODE = YES;
				CLANG_WARN__DUPLICATE_METHOD_MATCH = YES;
				COPY_PHASE_STRIP = NO;
				DEBUG_INFORMATION_FORMAT = dwarf;
				ENABLE_STRICT_OBJC_MSGSEND = YES;
				ENABLE_TESTABILITY = YES;
				GCC_C_LANGUAGE_STANDARD = gnu11;
				GCC_DYNAMIC_NO_PIC = NO;
				GCC_NO_COMMON_BLOCKS = YES;
				GCC_OPTIMIZATION_LEVEL = 0;
				GCC_PREPROCESSOR_DEFINITIONS = (
					"DEBUG=1",
					"$(inherited)",
				);
				GCC_WARN_64_TO_32_BIT_CONVERSION = YES;
				GCC_WARN_ABOUT_RETURN_TYPE = YES_ERROR;
				GCC_WARN_UNDECLARED_SELECTOR = YES;
				GCC_WARN_UNINITIALIZED_AUTOS = YES_AGGRESSIVE;
				GCC_WARN_UNUSED_FUNCTION = YES;
				GCC_WARN_UNUSED_VARIABLE = YES;
				IPHONEOS_DEPLOYMENT_TARGET = 16.2;
				MTL_ENABLE_DEBUG_INFO = INCLUDE_SOURCE;
				MTL_FAST_MATH = YES;
				ONLY_ACTIVE_ARCH = YES;
				SDKROOT = iphoneos;
				SWIFT_ACTIVE_COMPILATION_CONDITIONS = DEBUG;
				SWIFT_OPTIMIZATION_LEVEL = "-Onone";
			};
			name = Debug;
		};
		60AA3CD929B5F7DD008F05DE /* Release */ = {
			isa = XCBuildConfiguration;
			buildSettings = {
				ALWAYS_SEARCH_USER_PATHS = NO;
				CLANG_ANALYZER_NONNULL = YES;
				CLANG_ANALYZER_NUMBER_OBJECT_CONVERSION = YES_AGGRESSIVE;
				CLANG_CXX_LANGUAGE_STANDARD = "gnu++20";
				CLANG_ENABLE_MODULES = YES;
				CLANG_ENABLE_OBJC_ARC = YES;
				CLANG_ENABLE_OBJC_WEAK = YES;
				CLANG_WARN_BLOCK_CAPTURE_AUTORELEASING = YES;
				CLANG_WARN_BOOL_CONVERSION = YES;
				CLANG_WARN_COMMA = YES;
				CLANG_WARN_CONSTANT_CONVERSION = YES;
				CLANG_WARN_DEPRECATED_OBJC_IMPLEMENTATIONS = YES;
				CLANG_WARN_DIRECT_OBJC_ISA_USAGE = YES_ERROR;
				CLANG_WARN_DOCUMENTATION_COMMENTS = YES;
				CLANG_WARN_EMPTY_BODY = YES;
				CLANG_WARN_ENUM_CONVERSION = YES;
				CLANG_WARN_INFINITE_RECURSION = YES;
				CLANG_WARN_INT_CONVERSION = YES;
				CLANG_WARN_NON_LITERAL_NULL_CONVERSION = YES;
				CLANG_WARN_OBJC_IMPLICIT_RETAIN_SELF = YES;
				CLANG_WARN_OBJC_LITERAL_CONVERSION = YES;
				CLANG_WARN_OBJC_ROOT_CLASS = YES_ERROR;
				CLANG_WARN_QUOTED_INCLUDE_IN_FRAMEWORK_HEADER = YES;
				CLANG_WARN_RANGE_LOOP_ANALYSIS = YES;
				CLANG_WARN_STRICT_PROTOTYPES = YES;
				CLANG_WARN_SUSPICIOUS_MOVE = YES;
				CLANG_WARN_UNGUARDED_AVAILABILITY = YES_AGGRESSIVE;
				CLANG_WARN_UNREACHABLE_CODE = YES;
				CLANG_WARN__DUPLICATE_METHOD_MATCH = YES;
				COPY_PHASE_STRIP = NO;
				DEBUG_INFORMATION_FORMAT = "dwarf-with-dsym";
				ENABLE_NS_ASSERTIONS = NO;
				ENABLE_STRICT_OBJC_MSGSEND = YES;
				GCC_C_LANGUAGE_STANDARD = gnu11;
				GCC_NO_COMMON_BLOCKS = YES;
				GCC_WARN_64_TO_32_BIT_CONVERSION = YES;
				GCC_WARN_ABOUT_RETURN_TYPE = YES_ERROR;
				GCC_WARN_UNDECLARED_SELECTOR = YES;
				GCC_WARN_UNINITIALIZED_AUTOS = YES_AGGRESSIVE;
				GCC_WARN_UNUSED_FUNCTION = YES;
				GCC_WARN_UNUSED_VARIABLE = YES;
				IPHONEOS_DEPLOYMENT_TARGET = 16.2;
				MTL_ENABLE_DEBUG_INFO = NO;
				MTL_FAST_MATH = YES;
				SDKROOT = iphoneos;
				SWIFT_COMPILATION_MODE = wholemodule;
				SWIFT_OPTIMIZATION_LEVEL = "-O";
				VALIDATE_PRODUCT = YES;
			};
			name = Release;
		};
		60AA3CDB29B5F7DD008F05DE /* Debug */ = {
			isa = XCBuildConfiguration;
			baseConfigurationReference = 84BF7491DC803C71112EF580 /* Pods-MyPick.debug.xcconfig */;
			buildSettings = {
				ASSETCATALOG_COMPILER_APPICON_NAME = AppIcon;
				ASSETCATALOG_COMPILER_GLOBAL_ACCENT_COLOR_NAME = AccentColor;
				CODE_SIGN_STYLE = Automatic;
				CURRENT_PROJECT_VERSION = 1;
				DEVELOPMENT_TEAM = 28GCVVSS8M;
				GENERATE_INFOPLIST_FILE = YES;
				INFOPLIST_FILE = MyPick/Info.plist;
				INFOPLIST_KEY_UIApplicationSupportsIndirectInputEvents = YES;
				INFOPLIST_KEY_UILaunchStoryboardName = LaunchScreen;
				INFOPLIST_KEY_UISupportedInterfaceOrientations_iPad = "UIInterfaceOrientationPortrait UIInterfaceOrientationPortraitUpsideDown UIInterfaceOrientationLandscapeLeft UIInterfaceOrientationLandscapeRight";
				INFOPLIST_KEY_UISupportedInterfaceOrientations_iPhone = "UIInterfaceOrientationPortrait UIInterfaceOrientationLandscapeLeft UIInterfaceOrientationLandscapeRight";
				LD_RUNPATH_SEARCH_PATHS = (
					"$(inherited)",
					"@executable_path/Frameworks",
				);
				MARKETING_VERSION = 1.0;
				PRODUCT_BUNDLE_IDENTIFIER = MyPick.MyPick;
				PRODUCT_NAME = "$(TARGET_NAME)";
				SWIFT_EMIT_LOC_STRINGS = YES;
				SWIFT_VERSION = 5.0;
				TARGETED_DEVICE_FAMILY = "1,2";
			};
			name = Debug;
		};
		60AA3CDC29B5F7DD008F05DE /* Release */ = {
			isa = XCBuildConfiguration;
			baseConfigurationReference = AB6EEC125D3A05A8F0A7D3DC /* Pods-MyPick.release.xcconfig */;
			buildSettings = {
				ASSETCATALOG_COMPILER_APPICON_NAME = AppIcon;
				ASSETCATALOG_COMPILER_GLOBAL_ACCENT_COLOR_NAME = AccentColor;
				CODE_SIGN_STYLE = Automatic;
				CURRENT_PROJECT_VERSION = 1;
				DEVELOPMENT_TEAM = 28GCVVSS8M;
				GENERATE_INFOPLIST_FILE = YES;
				INFOPLIST_FILE = MyPick/Info.plist;
				INFOPLIST_KEY_UIApplicationSupportsIndirectInputEvents = YES;
				INFOPLIST_KEY_UILaunchStoryboardName = LaunchScreen;
				INFOPLIST_KEY_UISupportedInterfaceOrientations_iPad = "UIInterfaceOrientationPortrait UIInterfaceOrientationPortraitUpsideDown UIInterfaceOrientationLandscapeLeft UIInterfaceOrientationLandscapeRight";
				INFOPLIST_KEY_UISupportedInterfaceOrientations_iPhone = "UIInterfaceOrientationPortrait UIInterfaceOrientationLandscapeLeft UIInterfaceOrientationLandscapeRight";
				LD_RUNPATH_SEARCH_PATHS = (
					"$(inherited)",
					"@executable_path/Frameworks",
				);
				MARKETING_VERSION = 1.0;
				PRODUCT_BUNDLE_IDENTIFIER = MyPick.MyPick;
				PRODUCT_NAME = "$(TARGET_NAME)";
				SWIFT_EMIT_LOC_STRINGS = YES;
				SWIFT_VERSION = 5.0;
				TARGETED_DEVICE_FAMILY = "1,2";
			};
			name = Release;
		};
/* End XCBuildConfiguration section */

/* Begin XCConfigurationList section */
		60AA3CC129B5F7DC008F05DE /* Build configuration list for PBXProject "MyPick" */ = {
			isa = XCConfigurationList;
			buildConfigurations = (
				60AA3CD829B5F7DD008F05DE /* Debug */,
				60AA3CD929B5F7DD008F05DE /* Release */,
			);
			defaultConfigurationIsVisible = 0;
			defaultConfigurationName = Release;
		};
		60AA3CDA29B5F7DD008F05DE /* Build configuration list for PBXNativeTarget "MyPick" */ = {
			isa = XCConfigurationList;
			buildConfigurations = (
				60AA3CDB29B5F7DD008F05DE /* Debug */,
				60AA3CDC29B5F7DD008F05DE /* Release */,
			);
			defaultConfigurationIsVisible = 0;
			defaultConfigurationName = Release;
		};
/* End XCConfigurationList section */
	};
	rootObject = 60AA3CBE29B5F7DC008F05DE /* Project object */;
}
